
Microsoft Visual Studio Solution File, Format Version 12.00
# Visual Studio Version 16
VisualStudioVersion = 16.0.30413.136
MinimumVisualStudioVersion = 10.0.40219.1
Project("{8BC9CEB8-8B4A-11D0-8D11-00A0C91BC942}") = "CG_HW1_EXAMPLE", "CG_HW1_EXAMPLE\CG_HW1_EXAMPLE.vcxproj", "{B659E4D3-17C1-4D38-A53E-3E67D78CB9B4}"
EndProject
Project("{8BC9CEB8-8B4A-11D0-8D11-00A0C91BC942}") = "CG_HW1", "CG_HW1\CG_HW1.vcxproj", "{8CC64251-2E39-4C0D-BCB0-D8AE759B9A70}"
EndProject
Global
	GlobalSection(SolutionConfigurationPlatforms) = preSolution
		Debug|x64 = Debug|x64
		Debug|x86 = Debug|x86
		Release|x64 = Release|x64
		Release|x86 = Release|x86
	EndGlobalSection
	GlobalSection(ProjectConfigurationPlatforms) = postSolution
		{B659E4D3-17C1-4D38-A53E-3E67D78CB9B4}.Debug|x64.ActiveCfg = Debug|x64
		{B659E4D3-17C1-4D38-A53E-3E67D78CB9B4}.Debug|x64.Build.0 = Debug|x64
		{B659E4D3-17C1-4D38-A53E-3E67D78CB9B4}.Debug|x86.ActiveCfg = Debug|Win32
		{B659E4D3-17C1-4D38-A53E-3E67D78CB9B4}.Debug|x86.Build.0 = Debug|Win32
		{B659E4D3-17C1-4D38-A53E-3E67D78CB9B4}.Release|x64.ActiveCfg = Release|x64
		{B659E4D3-17C1-4D38-A53E-3E67D78CB9B4}.Release|x64.Build.0 = Release|x64
		{B659E4D3-17C1-4D38-A53E-3E67D78CB9B4}.Release|x86.ActiveCfg = Release|Win32
		{B659E4D3-17C1-4D38-A53E-3E67D78CB9B4}.Release|x86.Build.0 = Release|Win32
		{8CC64251-2E39-4C0D-BCB0-D8AE759B9A70}.Debug|x64.ActiveCfg = Debug|x64
		{8CC64251-2E39-4C0D-BCB0-D8AE759B9A70}.Debug|x64.Build.0 = Debug|x64
		{8CC64251-2E39-4C0D-BCB0-D8AE759B9A70}.Debug|x86.ActiveCfg = Debug|Win32
		{8CC64251-2E39-4C0D-BCB0-D8AE759B9A70}.Debug|x86.Build.0 = Debug|Win32
		{8CC64251-2E39-4C0D-BCB0-D8AE759B9A70}.Release|x64.ActiveCfg = Release|x64
		{8CC64251-2E39-4C0D-BCB0-D8AE759B9A70}.Release|x64.Build.0 = Release|x64
		{8CC64251-2E39-4C0D-BCB0-D8AE759B9A70}.Release|x86.ActiveCfg = Release|Win32
		{8CC64251-2E39-4C0D-BCB0-D8AE759B9A70}.Release|x86.Build.0 = Release|Win32
	EndGlobalSection
	GlobalSection(SolutionProperties) = preSolution
		HideSolutionNode = FALSE
	EndGlobalSection
	GlobalSection(ExtensibilityGlobals) = postSolution
		SolutionGuid = {126DBAD4-B324-403A-812D-98C84B83F18E}
	EndGlobalSection
EndGlobal
